
Microsoft Visual Studio Solution File, Format Version 12.00
# Visual Studio 2013
VisualStudioVersion = 12.0.31101.0
MinimumVisualStudioVersion = 10.0.40219.1
Project("{FAE04EC0-301F-11D3-BF4B-00C04F79EFBC}") = "CDWebsite-sk", "CDWebsite-sk\CDWebsite-sk.csproj", "{7DB4B2CD-0593-446A-B12F-D54B2B50EA84}"
EndProject
Project("{2150E333-8FDC-42A3-9474-1A3956D46DE8}") = "PublishScripts", "PublishScripts", "{136AA14D-BE7E-4CBB-BAF5-A175243C4DA3}"
	ProjectSection(SolutionItems) = preProject
		PublishScripts\AzureWebsitePublishModule.psm1 = PublishScripts\AzureWebsitePublishModule.psm1
		PublishScripts\Publish-WebApplicationWebsite.ps1 = PublishScripts\Publish-WebApplicationWebsite.ps1
	EndProjectSection
EndProject
Project("{2150E333-8FDC-42A3-9474-1A3956D46DE8}") = "Configurations", "Configurations", "{47665D4B-1E9D-4F2E-9F71-804CB3974671}"
	ProjectSection(SolutionItems) = preProject
		PublishScripts\Configurations\CDWebsite-sk-WAWS-dev.json = PublishScripts\Configurations\CDWebsite-sk-WAWS-dev.json
	EndProjectSection
EndProject
Global
	GlobalSection(SolutionConfigurationPlatforms) = preSolution
		Debug|Any CPU = Debug|Any CPU
		Release|Any CPU = Release|Any CPU
	EndGlobalSection
	GlobalSection(ProjectConfigurationPlatforms) = postSolution
		{7DB4B2CD-0593-446A-B12F-D54B2B50EA84}.Debug|Any CPU.ActiveCfg = Debug|Any CPU
		{7DB4B2CD-0593-446A-B12F-D54B2B50EA84}.Debug|Any CPU.Build.0 = Debug|Any CPU
		{7DB4B2CD-0593-446A-B12F-D54B2B50EA84}.Release|Any CPU.ActiveCfg = Release|Any CPU
		{7DB4B2CD-0593-446A-B12F-D54B2B50EA84}.Release|Any CPU.Build.0 = Release|Any CPU
	EndGlobalSection
	GlobalSection(SolutionProperties) = preSolution
		HideSolutionNode = FALSE
	EndGlobalSection
	GlobalSection(NestedProjects) = preSolution
		{47665D4B-1E9D-4F2E-9F71-804CB3974671} = {136AA14D-BE7E-4CBB-BAF5-A175243C4DA3}
	EndGlobalSection
EndGlobal
